# THIS IS AN AUTOGENERATED FILE. DO NOT EDIT THIS FILE DIRECTLY.
# yarn lockfile v1


"@babel/code-frame@^7.0.0", "@babel/code-frame@^7.5.5":
  "integrity" "sha512-27d4lZoomVyo51VegxI20xZPuSHusqbQag/ztrBC7wegWoQ1nLREPVSKSW8byhTlzTKyNE4ifaTA6lCp7JjpFw=="
  "resolved" "https://registry.npmjs.org/@babel/code-frame/-/code-frame-7.5.5.tgz"
  "version" "7.5.5"
  dependencies:
    "@babel/highlight" "^7.0.0"

"@babel/core@^7.7.2":
  "integrity" "sha512-+bYbx56j4nYBmpsWtnPUsKW3NdnYxbqyfrP2w9wILBuHzdfIKz9prieZK0DFPyIzkjYVUe4QkusGL07r5pXznQ=="
  "resolved" "https://registry.npmjs.org/@babel/core/-/core-7.7.4.tgz"
  "version" "7.7.4"
  dependencies:
    "@babel/code-frame" "^7.5.5"
    "@babel/generator" "^7.7.4"
    "@babel/helpers" "^7.7.4"
    "@babel/parser" "^7.7.4"
    "@babel/template" "^7.7.4"
    "@babel/traverse" "^7.7.4"
    "@babel/types" "^7.7.4"
    "convert-source-map" "^1.7.0"
    "debug" "^4.1.0"
    "json5" "^2.1.0"
    "lodash" "^4.17.13"
    "resolve" "^1.3.2"
    "semver" "^5.4.1"
    "source-map" "^0.5.0"

"@babel/generator@^7.7.4":
  "integrity" "sha512-m5qo2WgdOJeyYngKImbkyQrnUN1mPceaG5BV+G0E3gWsa4l/jCSryWJdM2x8OuGAOyh+3d5pVYfZWCiNFtynxg=="
  "resolved" "https://registry.npmjs.org/@babel/generator/-/generator-7.7.4.tgz"
  "version" "7.7.4"
  dependencies:
    "@babel/types" "^7.7.4"
    "jsesc" "^2.5.1"
    "lodash" "^4.17.13"
    "source-map" "^0.5.0"

"@babel/helper-function-name@^7.7.4":
  "integrity" "sha512-AnkGIdiBhEuiwdoMnKm7jfPfqItZhgRaZfMg1XX3bS25INOnLPjPG1Ppnajh8eqgt5kPJnfqrRHqFqmjKDZLzQ=="
  "resolved" "https://registry.npmjs.org/@babel/helper-function-name/-/helper-function-name-7.7.4.tgz"
  "version" "7.7.4"
  dependencies:
    "@babel/helper-get-function-arity" "^7.7.4"
    "@babel/template" "^7.7.4"
    "@babel/types" "^7.7.4"

"@babel/helper-get-function-arity@^7.7.4":
  "integrity" "sha512-QTGKEdCkjgzgfJ3bAyRwF4yyT3pg+vDgan8DSivq1eS0gwi+KGKE5x8kRcbeFTb/673mkO5SN1IZfmCfA5o+EA=="
  "resolved" "https://registry.npmjs.org/@babel/helper-get-function-arity/-/helper-get-function-arity-7.7.4.tgz"
  "version" "7.7.4"
  dependencies:
    "@babel/types" "^7.7.4"

"@babel/helper-plugin-utils@^7.0.0":
  "integrity" "sha1-L3WoMSadT2d95JmG3/WZJ1M883U="
  "resolved" "http://npm.seiue.com:4873/@babel%2fhelper-plugin-utils/-/helper-plugin-utils-7.10.4.tgz"
  "version" "7.10.4"

"@babel/helper-split-export-declaration@^7.7.4":
  "integrity" "sha512-guAg1SXFcVr04Guk9eq0S4/rWS++sbmyqosJzVs8+1fH5NI+ZcmkaSkc7dmtAFbHFva6yRJnjW3yAcGxjueDug=="
  "resolved" "https://registry.npmjs.org/@babel/helper-split-export-declaration/-/helper-split-export-declaration-7.7.4.tgz"
  "version" "7.7.4"
  dependencies:
    "@babel/types" "^7.7.4"

"@babel/helper-validator-identifier@^7.12.11":
  "integrity" "sha1-yaHwIZF9y1zPDU5FPjmQIpgfye0="
  "resolved" "http://npm.seiue.com:4873/@babel%2fhelper-validator-identifier/-/helper-validator-identifier-7.12.11.tgz"
  "version" "7.12.11"

"@babel/helpers@^7.7.4":
  "integrity" "sha512-ak5NGZGJ6LV85Q1Zc9gn2n+ayXOizryhjSUBTdu5ih1tlVCJeuQENzc4ItyCVhINVXvIT/ZQ4mheGIsfBkpskg=="
  "resolved" "https://registry.npmjs.org/@babel/helpers/-/helpers-7.7.4.tgz"
  "version" "7.7.4"
  dependencies:
    "@babel/template" "^7.7.4"
    "@babel/traverse" "^7.7.4"
    "@babel/types" "^7.7.4"

"@babel/highlight@^7.0.0":
  "integrity" "sha512-7dV4eu9gBxoM0dAnj/BCFDW9LFU0zvTrkq0ugM7pnHEgguOEeOz1so2ZghEdzviYzQEED0r4EAgpsBChKy1TRQ=="
  "resolved" "https://registry.npmjs.org/@babel/highlight/-/highlight-7.5.0.tgz"
  "version" "7.5.0"
  dependencies:
    "chalk" "^2.0.0"
    "esutils" "^2.0.2"
    "js-tokens" "^4.0.0"

"@babel/parser@^7.1.0", "@babel/parser@^7.7.4":
  "integrity" "sha1-nONZW810vFxGaQXobFNbiyUBHnk="
  "resolved" "http://npm.seiue.com:4873/@babel%2fparser/-/parser-7.12.11.tgz"
  "version" "7.12.11"

"@babel/template@^7.7.4":
  "integrity" "sha512-qUzihgVPguAzXCK7WXw8pqs6cEwi54s3E+HrejlkuWO6ivMKx9hZl3Y2fSXp9i5HgyWmj7RKP+ulaYnKM4yYxw=="
  "resolved" "https://registry.npmjs.org/@babel/template/-/template-7.7.4.tgz"
  "version" "7.7.4"
  dependencies:
    "@babel/code-frame" "^7.0.0"
    "@babel/parser" "^7.7.4"
    "@babel/types" "^7.7.4"

"@babel/traverse@^7.7.4":
  "integrity" "sha512-P1L58hQyupn8+ezVA2z5KBm4/Zr4lCC8dwKCMYzsa5jFMDMQAzaBNy9W5VjB+KAmBjb40U7a/H6ao+Xo+9saIw=="
  "resolved" "https://registry.npmjs.org/@babel/traverse/-/traverse-7.7.4.tgz"
  "version" "7.7.4"
  dependencies:
    "@babel/code-frame" "^7.5.5"
    "@babel/generator" "^7.7.4"
    "@babel/helper-function-name" "^7.7.4"
    "@babel/helper-split-export-declaration" "^7.7.4"
    "@babel/parser" "^7.7.4"
    "@babel/types" "^7.7.4"
    "debug" "^4.1.0"
    "globals" "^11.1.0"
    "lodash" "^4.17.13"

"@babel/types@^7.0.0", "@babel/types@^7.3.0", "@babel/types@^7.7.4":
  "integrity" "sha1-Rgim7DE6u9h6+lUATTc60EqWwpk="
  "resolved" "http://npm.seiue.com:4873/@babel%2ftypes/-/types-7.12.12.tgz"
  "version" "7.12.12"
  dependencies:
    "@babel/helper-validator-identifier" "^7.12.11"
    "lodash" "^4.17.19"
    "to-fast-properties" "^2.0.0"

"@formatjs/intl-unified-numberformat@^3.2.0":
  "integrity" "sha1-mZWiRWiQgYjnFtgaHeW3ArLuAOI="
  "resolved" "http://npm.seiue.com:4873/@formatjs%2fintl-unified-numberformat/-/intl-unified-numberformat-3.3.7.tgz"
  "version" "3.3.7"
  dependencies:
    "@formatjs/intl-utils" "^2.3.0"

"@formatjs/intl-utils@^2.3.0":
  "integrity" "sha1-LcjFcETeA0DrU6e6YC5Zq/gNx5k="
  "resolved" "http://npm.seiue.com:4873/@formatjs%2fintl-utils/-/intl-utils-2.3.0.tgz"
  "version" "2.3.0"

"@types/babel__core@^7.1.3":
  "integrity" "sha1-TY6eUesmVVKn5PH/IhmrYTO9+y0="
  "resolved" "http://npm.seiue.com:4873/@types%2fbabel__core/-/babel__core-7.1.12.tgz"
  "version" "7.1.12"
  dependencies:
    "@babel/parser" "^7.1.0"
    "@babel/types" "^7.0.0"
    "@types/babel__generator" "*"
    "@types/babel__template" "*"
    "@types/babel__traverse" "*"

"@types/babel__generator@*":
  "integrity" "sha1-89cReOGHhY98ReMDgPjxt0FaEtg="
  "resolved" "http://npm.seiue.com:4873/@types%2fbabel__generator/-/babel__generator-7.6.2.tgz"
  "version" "7.6.2"
  dependencies:
    "@babel/types" "^7.0.0"

"@types/babel__template@*":
  "integrity" "sha1-DIiN1ws+6e67bk8gDoCdoAdiYr4="
  "resolved" "http://npm.seiue.com:4873/@types%2fbabel__template/-/babel__template-7.4.0.tgz"
  "version" "7.4.0"
  dependencies:
    "@babel/parser" "^7.1.0"
    "@babel/types" "^7.0.0"

"@types/babel__traverse@*":
  "integrity" "sha1-uaHvpjUgG6m8hQMjqHk+4tNsBKA="
  "resolved" "http://npm.seiue.com:4873/@types%2fbabel__traverse/-/babel__traverse-7.11.0.tgz"
  "version" "7.11.0"
  dependencies:
    "@babel/types" "^7.3.0"

"@types/json-schema@^7.0.3", "@types/json-schema@^7.0.5":
  "integrity" "sha1-mKmTUWyFnrDVxMjwmDF6nqaNua0="
  "resolved" "http://npm.seiue.com:4873/@types%2fjson-schema/-/json-schema-7.0.7.tgz"
  "version" "7.0.7"

"@types/node@>=4.5.0":
  "integrity" "sha1-DSnzgkcsTM872W/wzkfa9be4Sxg="
  "resolved" "http://npm.seiue.com:4873/@types%2fnode/-/node-14.14.22.tgz"
  "version" "14.14.22"

"@types/prettier@^1.16.1":
  "integrity" "sha1-M1CYSfjmeeSt0ViVn9sIZEDpVT8="
  "resolved" "http://npm.seiue.com:4873/@types%2fprettier/-/prettier-1.19.1.tgz"
  "version" "1.19.1"

"@types/schema-utils@^1.0.0":
  "integrity" "sha1-KV028B4suLwyB8odmmjiENtrQMs="
  "resolved" "http://npm.seiue.com:4873/@types%2fschema-utils/-/schema-utils-1.0.0.tgz"
  "version" "1.0.0"

"ajv-keywords@^3.5.2":
  "integrity" "sha1-MfKdpatuANHC0yms97WSlhTVAU0="
  "resolved" "http://npm.seiue.com:4873/ajv-keywords/-/ajv-keywords-3.5.2.tgz"
  "version" "3.5.2"

"ajv@^6.12.4", "ajv@^6.9.1":
  "integrity" "sha1-uvWmLoArB9l3A0WG+MO69a3ybfQ="
  "resolved" "http://npm.seiue.com:4873/ajv/-/ajv-6.12.6.tgz"
  "version" "6.12.6"
  dependencies:
    "fast-deep-equal" "^3.1.1"
    "fast-json-stable-stringify" "^2.0.0"
    "json-schema-traverse" "^0.4.1"
    "uri-js" "^4.2.2"

"ansi-regex@^2.1.1":
  "integrity" "sha1-w7M6te42DYbg5ijwRorn7yfWVN8="
  "resolved" "http://npm.seiue.com:4873/ansi-regex/-/ansi-regex-2.1.1.tgz"
  "version" "2.1.1"

"ansi-styles@^3.2.1":
  "integrity" "sha512-VT0ZI6kZRdTh8YyJw3SMbYm/u+NqfsAxEpWO0Pf9sq8/e94WxxOpPKx9FR1FlyCtOVDNOQ+8ntlqFxiRc+r5qA=="
  "resolved" "https://registry.npmjs.org/ansi-styles/-/ansi-styles-3.2.1.tgz"
  "version" "3.2.1"
  dependencies:
    "color-convert" "^1.9.0"

"any-promise@^1.0.0":
  "integrity" "sha1-q8av7tzqUugJzcA3au0845Y10X8="
  "resolved" "http://npm.seiue.com:4873/any-promise/-/any-promise-1.3.0.tgz"
  "version" "1.3.0"

"argparse@^1.0.7":
  "integrity" "sha1-vNZ5HqWuCXJeF+WtmIE0zUCz2RE="
  "resolved" "http://npm.seiue.com:4873/argparse/-/argparse-1.0.10.tgz"
  "version" "1.0.10"
  dependencies:
    "sprintf-js" "~1.0.2"

"call-me-maybe@^1.0.1":
  "integrity" "sha1-JtII6onje1y95gJQoV8DHBak1ms="
  "resolved" "http://npm.seiue.com:4873/call-me-maybe/-/call-me-maybe-1.0.1.tgz"
  "version" "1.0.1"

"chalk@^2.0.0":
  "integrity" "sha512-Mti+f9lpJNcwF4tWV8/OrTTtF1gZi+f8FqlyAdouralcFWFQWF2+NgCHShjkCb+IFBLq9buZwE1xckQU4peSuQ=="
  "resolved" "https://registry.npmjs.org/chalk/-/chalk-2.4.2.tgz"
  "version" "2.4.2"
  dependencies:
    "ansi-styles" "^3.2.1"
    "escape-string-regexp" "^1.0.5"
    "supports-color" "^5.3.0"

"cli-color@^1.4.0":
  "integrity" "sha1-fRBzj0hSaCT4/n2lGFfLD1cv4B8="
  "resolved" "http://npm.seiue.com:4873/cli-color/-/cli-color-1.4.0.tgz"
  "version" "1.4.0"
  dependencies:
    "ansi-regex" "^2.1.1"
    "d" "1"
    "es5-ext" "^0.10.46"
    "es6-iterator" "^2.0.3"
    "memoizee" "^0.4.14"
    "timers-ext" "^0.1.5"

"color-convert@^1.9.0":
  "integrity" "sha512-QfAUtd+vFdAtFQcC8CCyYt1fYWxSqAiK2cSD6zDB8N3cpsEBAvRxp9zOGg6G/SHHJYAT88/az/IuDGALsNVbGg=="
  "resolved" "https://registry.npmjs.org/color-convert/-/color-convert-1.9.3.tgz"
  "version" "1.9.3"
  dependencies:
    "color-name" "1.1.3"

"color-name@1.1.3":
  "integrity" "sha1-p9BVi9icQveV3UIyj3QIMcpTvCU="
  "resolved" "https://registry.npmjs.org/color-name/-/color-name-1.1.3.tgz"
  "version" "1.1.3"

"convert-source-map@^1.7.0":
  "integrity" "sha512-4FJkXzKXEDB1snCFZlLP4gpC3JILicCpGbzG9f9G7tGqGCzETQ2hWPrcinA9oU4wtf2biUaEH5065UnMeR33oA=="
  "resolved" "https://registry.npmjs.org/convert-source-map/-/convert-source-map-1.7.0.tgz"
  "version" "1.7.0"
  dependencies:
    "safe-buffer" "~5.1.1"

"d@^1.0.1", "d@1":
  "integrity" "sha1-hpgJU3LVjb7jRv/Qxwk/mfj561o="
  "resolved" "http://npm.seiue.com:4873/d/-/d-1.0.1.tgz"
  "version" "1.0.1"
  dependencies:
    "es5-ext" "^0.10.50"
    "type" "^1.0.1"

"debug@^4.1.0":
  "integrity" "sha512-pYAIzeRo8J6KPEaJ0VWOh5Pzkbw/RetuzehGM7QRRX5he4fPHx2rdKMB256ehJCkX+XRQm16eZLqLNS8RSZXZw=="
  "resolved" "https://registry.npmjs.org/debug/-/debug-4.1.1.tgz"
  "version" "4.1.1"
  dependencies:
    "ms" "^2.1.1"

"es5-ext@^0.10.35", "es5-ext@^0.10.46", "es5-ext@^0.10.50", "es5-ext@^0.10.53", "es5-ext@~0.10.14", "es5-ext@~0.10.2", "es5-ext@~0.10.46":
  "integrity" "sha1-k8WjrP2+8nUiCtcmRK0C7hg2jeE="
  "resolved" "http://npm.seiue.com:4873/es5-ext/-/es5-ext-0.10.53.tgz"
  "version" "0.10.53"
  dependencies:
    "es6-iterator" "~2.0.3"
    "es6-symbol" "~3.1.3"
    "next-tick" "~1.0.0"

"es6-iterator@^2.0.3", "es6-iterator@~2.0.3":
  "integrity" "sha1-p96IkUGgWpSwhUQDstCg+/qY87c="
  "resolved" "http://npm.seiue.com:4873/es6-iterator/-/es6-iterator-2.0.3.tgz"
  "version" "2.0.3"
  dependencies:
    "d" "1"
    "es5-ext" "^0.10.35"
    "es6-symbol" "^3.1.1"

"es6-symbol@^3.1.1", "es6-symbol@~3.1.3":
  "integrity" "sha1-utXTwbzawoJp9MszHkMceKxwXRg="
  "resolved" "http://npm.seiue.com:4873/es6-symbol/-/es6-symbol-3.1.3.tgz"
  "version" "3.1.3"
  dependencies:
    "d" "^1.0.1"
    "ext" "^1.1.2"

"es6-weak-map@^2.0.3":
  "integrity" "sha1-ttofFswswNm+Q+a9v8Xn383zHVM="
  "resolved" "http://npm.seiue.com:4873/es6-weak-map/-/es6-weak-map-2.0.3.tgz"
  "version" "2.0.3"
  dependencies:
    "d" "1"
    "es5-ext" "^0.10.46"
    "es6-iterator" "^2.0.3"
    "es6-symbol" "^3.1.1"

"escape-string-regexp@^1.0.5":
  "integrity" "sha1-G2HAViGQqN/2rjuyzwIAyhMLhtQ="
  "resolved" "https://registry.npmjs.org/escape-string-regexp/-/escape-string-regexp-1.0.5.tgz"
  "version" "1.0.5"

"esprima@^4.0.0":
  "integrity" "sha1-E7BM2z5sXRnfkatph6hpVhmwqnE="
  "resolved" "http://npm.seiue.com:4873/esprima/-/esprima-4.0.1.tgz"
  "version" "4.0.1"

"esutils@^2.0.2":
  "integrity" "sha512-kVscqXk4OCp68SZ0dkgEKVi6/8ij300KBWTJq32P/dYeWTSwK41WyTxalN1eRmA5Z9UU/LX9D7FWSmV9SAYx6g=="
  "resolved" "https://registry.npmjs.org/esutils/-/esutils-2.0.3.tgz"
  "version" "2.0.3"

"event-emitter@^0.3.5":
  "integrity" "sha1-34xp7vFkeSPHFXuc6DhAYQsCzDk="
  "resolved" "http://npm.seiue.com:4873/event-emitter/-/event-emitter-0.3.5.tgz"
  "version" "0.3.5"
  dependencies:
    "d" "1"
    "es5-ext" "~0.10.14"

"ext@^1.1.2":
  "integrity" "sha1-ia56BxWPedNVF4gpBDJAd+Q3kkQ="
  "resolved" "http://npm.seiue.com:4873/ext/-/ext-1.4.0.tgz"
  "version" "1.4.0"
  dependencies:
    "type" "^2.0.0"

"fast-deep-equal@^3.1.1":
  "integrity" "sha1-On1WtVnWy8PrUSMlJE5hmmXGxSU="
  "resolved" "http://npm.seiue.com:4873/fast-deep-equal/-/fast-deep-equal-3.1.3.tgz"
  "version" "3.1.3"

"fast-json-stable-stringify@^2.0.0":
  "integrity" "sha1-h0v2nG9ATCtdmcSBNBOZ/VWJJjM="
  "resolved" "http://npm.seiue.com:4873/fast-json-stable-stringify/-/fast-json-stable-stringify-2.1.0.tgz"
  "version" "2.1.0"

"format-util@^1.0.3":
  "integrity" "sha1-H/tFDIoD57zP/kBkMYCRjMKX0nE="
  "resolved" "http://npm.seiue.com:4873/format-util/-/format-util-1.0.5.tgz"
  "version" "1.0.5"

"fs-extra@^8.0.1":
  "integrity" "sha512-yhlQgA6mnOJUKOsRUFsgJdQCvkKhcz8tlZG5HBQfReYZy46OwLcY+Zia0mtdHsOo9y/hP+CxMN0TU9QxoOtG4g=="
  "resolved" "https://registry.npmjs.org/fs-extra/-/fs-extra-8.1.0.tgz"
  "version" "8.1.0"
  dependencies:
    "graceful-fs" "^4.2.0"
    "jsonfile" "^4.0.0"
    "universalify" "^0.1.0"

"globals@^11.1.0":
  "integrity" "sha512-WOBp/EEGUiIsJSp7wcv/y6MO+lV9UoncWqxuFfm8eBwzWNgyfBd6Gz+IeKQ9jCmyhoH99g15M3T+QaVHFjizVA=="
  "resolved" "https://registry.npmjs.org/globals/-/globals-11.12.0.tgz"
  "version" "11.12.0"

"graceful-fs@^4.1.6", "graceful-fs@^4.2.0":
  "integrity" "sha512-a30VEBm4PEdx1dRB7MFK7BejejvCvBronbLjht+sHuGYj8PHs7M/5Z+rt5lw551vZ7yfTCj4Vuyy3mSJytDWRQ=="
  "resolved" "https://registry.npmjs.org/graceful-fs/-/graceful-fs-4.2.3.tgz"
  "version" "4.2.3"

"has-flag@^3.0.0":
  "integrity" "sha1-tdRU3CGZriJWmfNGfloH87lVuv0="
  "resolved" "https://registry.npmjs.org/has-flag/-/has-flag-3.0.0.tgz"
  "version" "3.0.0"

"intl-messageformat-parser@^3.3.1":
  "integrity" "sha1-UZnRBtgWw92ibuBpQ2Kpz4I5ePs="
  "resolved" "http://npm.seiue.com:4873/intl-messageformat-parser/-/intl-messageformat-parser-3.6.4.tgz"
  "version" "3.6.4"
  dependencies:
    "@formatjs/intl-unified-numberformat" "^3.2.0"

"is-promise@^2.2.2":
  "integrity" "sha1-OauVnMv5p3TPB597QMeib3YxNfE="
  "resolved" "http://npm.seiue.com:4873/is-promise/-/is-promise-2.2.2.tgz"
  "version" "2.2.2"

"js-tokens@^4.0.0":
  "integrity" "sha512-RdJUflcE3cUzKiMqQgsCu06FPu9UdIJO0beYbPhHN4k6apgJtifcoCtT9bcxOpYBtpD2kCM6Sbzg4CausW/PKQ=="
  "resolved" "https://registry.npmjs.org/js-tokens/-/js-tokens-4.0.0.tgz"
  "version" "4.0.0"

"js-yaml@^3.12.1":
  "integrity" "sha1-2ugS/bOCX6MGYJqHFzg8UMNqBTc="
  "resolved" "http://npm.seiue.com:4873/js-yaml/-/js-yaml-3.14.1.tgz"
  "version" "3.14.1"
  dependencies:
    "argparse" "^1.0.7"
    "esprima" "^4.0.0"

"jsesc@^2.5.1":
  "integrity" "sha512-OYu7XEzjkCQ3C5Ps3QIZsQfNpqoJyZZA99wd9aWd05NCtC5pWOkShK2mkL6HXQR6/Cy2lbNdPlZBpuQHXE63gA=="
  "resolved" "https://registry.npmjs.org/jsesc/-/jsesc-2.5.2.tgz"
  "version" "2.5.2"

"json-schema-ref-parser@^6.1.0":
  "integrity" "sha1-MK80rqtb7gQx2oBdrA6yG1dL9j0="
  "resolved" "http://npm.seiue.com:4873/json-schema-ref-parser/-/json-schema-ref-parser-6.1.0.tgz"
  "version" "6.1.0"
  dependencies:
    "call-me-maybe" "^1.0.1"
    "js-yaml" "^3.12.1"
    "ono" "^4.0.11"

"json-schema-to-typescript@^7.1.0":
  "integrity" "sha1-yYqGR3GFUaQPMkRI9TUI1zwIeRE="
  "resolved" "http://npm.seiue.com:4873/json-schema-to-typescript/-/json-schema-to-typescript-7.1.0.tgz"
  "version" "7.1.0"
  dependencies:
    "@types/json-schema" "^7.0.3"
    "@types/node" ">=4.5.0"
    "@types/prettier" "^1.16.1"
    "cli-color" "^1.4.0"
    "json-schema-ref-parser" "^6.1.0"
    "json-stringify-safe" "^5.0.1"
    "lodash" "^4.17.11"
    "minimist" "^1.2.0"
    "mz" "^2.7.0"
    "prettier" "^1.18.2"
    "stdin" "0.0.1"

"json-schema-traverse@^0.4.1":
  "integrity" "sha1-afaofZUTq4u4/mO9sJecRI5oRmA="
  "resolved" "http://npm.seiue.com:4873/json-schema-traverse/-/json-schema-traverse-0.4.1.tgz"
  "version" "0.4.1"

"json-stringify-safe@^5.0.1":
  "integrity" "sha1-Epai1Y/UXxmg9s4B1lcB4sc1tus="
  "resolved" "http://npm.seiue.com:4873/json-stringify-safe/-/json-stringify-safe-5.0.1.tgz"
  "version" "5.0.1"

"json5@^2.1.0":
  "integrity" "sha512-l+3HXD0GEI3huGq1njuqtzYK8OYJyXMkOLtQ53pjWh89tvWS2h6l+1zMkYWqlb57+SiQodKZyvMEFb2X+KrFhQ=="
  "resolved" "https://registry.npmjs.org/json5/-/json5-2.1.1.tgz"
  "version" "2.1.1"
  dependencies:
    "minimist" "^1.2.0"

"jsonfile@^4.0.0":
  "integrity" "sha1-h3Gq4HmbZAdrdmQPygWPnBDjPss="
  "resolved" "https://registry.npmjs.org/jsonfile/-/jsonfile-4.0.0.tgz"
  "version" "4.0.0"
  dependencies:
    "graceful-fs" "^4.1.6"

"lodash@^4.17.11", "lodash@^4.17.13", "lodash@^4.17.19":
  "integrity" "sha1-tEqbYpe8tpjxxRo1RaKzs2jVnFI="
  "resolved" "http://npm.seiue.com:4873/lodash/-/lodash-4.17.20.tgz"
  "version" "4.17.20"

"lru-queue@^0.1.0":
  "integrity" "sha1-Jzi9nw089PhEkMVzbEhpmsYyzaM="
  "resolved" "http://npm.seiue.com:4873/lru-queue/-/lru-queue-0.1.0.tgz"
  "version" "0.1.0"
  dependencies:
    "es5-ext" "~0.10.2"

"memoizee@^0.4.14":
  "integrity" "sha1-5vPS2oY/MY0CIlORgppsWVZVW3I="
  "resolved" "http://npm.seiue.com:4873/memoizee/-/memoizee-0.4.15.tgz"
  "version" "0.4.15"
  dependencies:
    "d" "^1.0.1"
    "es5-ext" "^0.10.53"
    "es6-weak-map" "^2.0.3"
    "event-emitter" "^0.3.5"
    "is-promise" "^2.2.2"
    "lru-queue" "^0.1.0"
    "next-tick" "^1.1.0"
    "timers-ext" "^0.1.7"

"minimist@^1.2.0":
  "integrity" "sha1-Z9ZgFLZqaoqqDAg8X9WN9OTpdgI="
  "resolved" "http://npm.seiue.com:4873/minimist/-/minimist-1.2.5.tgz"
  "version" "1.2.5"

"ms@^2.1.1":
  "integrity" "sha512-sGkPx+VjMtmA6MX27oA4FBFELFCZZ4S4XqeGOXCv68tT+jb3vk/RyaKWP0PTKyWtmLSM0b+adUTEvbs1PEaH2w=="
  "resolved" "https://registry.npmjs.org/ms/-/ms-2.1.2.tgz"
  "version" "2.1.2"

"mz@^2.7.0":
  "integrity" "sha1-lQCAV6Vsr63CvGPd5/n/aVWUjjI="
  "resolved" "http://npm.seiue.com:4873/mz/-/mz-2.7.0.tgz"
  "version" "2.7.0"
  dependencies:
    "any-promise" "^1.0.0"
    "object-assign" "^4.0.1"
    "thenify-all" "^1.0.0"

"next-tick@^1.1.0":
  "integrity" "sha1-GDbuMK1W1n7ygbIr0Zn3CUSbNes="
  "resolved" "http://npm.seiue.com:4873/next-tick/-/next-tick-1.1.0.tgz"
  "version" "1.1.0"

"next-tick@~1.0.0", "next-tick@1":
  "integrity" "sha1-yobR/ogoFpsBICCOPchCS524NCw="
  "resolved" "http://npm.seiue.com:4873/next-tick/-/next-tick-1.0.0.tgz"
  "version" "1.0.0"

"object-assign@^4.0.1":
  "integrity" "sha1-IQmtx5ZYh8/AXLvUQsrIv7s2CGM="
  "resolved" "http://npm.seiue.com:4873/object-assign/-/object-assign-4.1.1.tgz"
  "version" "4.1.1"

"ono@^4.0.11":
  "integrity" "sha1-x/Qgmz45bopE70O5ztx/XXkdIh0="
  "resolved" "http://npm.seiue.com:4873/ono/-/ono-4.0.11.tgz"
  "version" "4.0.11"
  dependencies:
    "format-util" "^1.0.3"

"path-parse@^1.0.6":
  "integrity" "sha512-GSmOT2EbHrINBf9SR7CDELwlJ8AENk3Qn7OikK4nFYAu3Ote2+JYNVvkpAEQm3/TLNEJFD/xZJjzyxg3KBWOzw=="
  "resolved" "https://registry.npmjs.org/path-parse/-/path-parse-1.0.6.tgz"
  "version" "1.0.6"

"prettier@^1.18.2":
  "integrity" "sha1-99f1/4qc2HKnvkyhQglZVqYHl8s="
  "resolved" "http://npm.seiue.com:4873/prettier/-/prettier-1.19.1.tgz"
  "version" "1.19.1"

"punycode@^2.1.0":
  "integrity" "sha1-tYsBCsQMIsVldhbI0sLALHv0eew="
  "resolved" "http://npm.seiue.com:4873/punycode/-/punycode-2.1.1.tgz"
  "version" "2.1.1"

"resolve@^1.3.2":
  "integrity" "sha512-cAVTI2VLHWYsGOirfeYVVQ7ZDejtQ9fp4YhYckWDEkFfqbVjaT11iM8k6xSAfGFMM+gDpZjMnFssPu8we+mqFw=="
  "resolved" "https://registry.npmjs.org/resolve/-/resolve-1.12.2.tgz"
  "version" "1.12.2"
  dependencies:
    "path-parse" "^1.0.6"

"safe-buffer@~5.1.1":
  "integrity" "sha512-Gd2UZBJDkXlY7GbJxfsE8/nvKkUEU1G38c1siN6QP6a9PT9MmHB8GnpscSmMJSoF8LOIrt8ud/wPtojys4G6+g=="
  "resolved" "https://registry.npmjs.org/safe-buffer/-/safe-buffer-5.1.2.tgz"
  "version" "5.1.2"

"schema-utils@^2.2.0":
  "integrity" "sha1-HKTzLRskxZDCA7jnpQvw6kzTlNc="
  "resolved" "http://npm.seiue.com:4873/schema-utils/-/schema-utils-2.7.1.tgz"
  "version" "2.7.1"
  dependencies:
    "@types/json-schema" "^7.0.5"
    "ajv" "^6.12.4"
    "ajv-keywords" "^3.5.2"

"semver@^5.4.1":
  "integrity" "sha512-sauaDf/PZdVgrLTNYHRtpXa1iRiKcaebiKQ1BJdpQlWH2lCvexQdX55snPFyK7QzpudqbCI0qXFfOasHdyNDGQ=="
  "resolved" "https://registry.npmjs.org/semver/-/semver-5.7.1.tgz"
  "version" "5.7.1"

"source-map@^0.5.0":
  "integrity" "sha1-igOdLRAh0i0eoUyA2OpGi6LvP8w="
  "resolved" "https://registry.npmjs.org/source-map/-/source-map-0.5.7.tgz"
  "version" "0.5.7"

"sprintf-js@~1.0.2":
  "integrity" "sha1-BOaSb2YolTVPPdAVIDYzuFcpfiw="
  "resolved" "http://npm.seiue.com:4873/sprintf-js/-/sprintf-js-1.0.3.tgz"
  "version" "1.0.3"

"stdin@0.0.1":
  "integrity" "sha1-0wQZgarsPf28d6GzjWNy449ftx4="
  "resolved" "http://npm.seiue.com:4873/stdin/-/stdin-0.0.1.tgz"
  "version" "0.0.1"

"supports-color@^5.3.0":
  "integrity" "sha512-QjVjwdXIt408MIiAqCX4oUKsgU2EqAGzs2Ppkm4aQYbjm+ZEWEcW4SfFNTr4uMNZma0ey4f5lgLrkB0aX0QMow=="
  "resolved" "https://registry.npmjs.org/supports-color/-/supports-color-5.5.0.tgz"
  "version" "5.5.0"
  dependencies:
    "has-flag" "^3.0.0"

"thenify-all@^1.0.0":
  "integrity" "sha1-GhkY1ALY/D+Y+/I02wvMjMEOlyY="
  "resolved" "http://npm.seiue.com:4873/thenify-all/-/thenify-all-1.6.0.tgz"
  "version" "1.6.0"
  dependencies:
    "thenify" ">= 3.1.0 < 4"

"thenify@>= 3.1.0 < 4":
  "integrity" "sha1-iTLmhqQGYDigFt2eLKRq3Zg4qV8="
  "resolved" "http://npm.seiue.com:4873/thenify/-/thenify-3.3.1.tgz"
  "version" "3.3.1"
  dependencies:
    "any-promise" "^1.0.0"

"timers-ext@^0.1.5", "timers-ext@^0.1.7":
  "integrity" "sha1-b1ethXjgej+5+R2Th9ZWR1VeJcY="
  "resolved" "http://npm.seiue.com:4873/timers-ext/-/timers-ext-0.1.7.tgz"
  "version" "0.1.7"
  dependencies:
    "es5-ext" "~0.10.46"
    "next-tick" "1"

"to-fast-properties@^2.0.0":
  "integrity" "sha1-3F5pjL0HkmW8c+A3doGk5Og/YW4="
  "resolved" "http://npm.seiue.com:4873/to-fast-properties/-/to-fast-properties-2.0.0.tgz"
  "version" "2.0.0"

"type@^1.0.1":
  "integrity" "sha1-hI3XaY2vo+VKbEeedZxLw/GIR6A="
  "resolved" "http://npm.seiue.com:4873/type/-/type-1.2.0.tgz"
  "version" "1.2.0"

"type@^2.0.0":
  "integrity" "sha1-m9wixkjPjPht0j0yM2pBz7ZHXj8="
  "resolved" "http://npm.seiue.com:4873/type/-/type-2.1.0.tgz"
  "version" "2.1.0"

"universalify@^0.1.0":
  "integrity" "sha512-rBJeI5CXAlmy1pV+617WB9J63U6XcazHHF2f2dbJix4XzpUF0RS3Zbj0FGIOCAva5P/d/GBOYaACQ1w+0azUkg=="
  "resolved" "https://registry.npmjs.org/universalify/-/universalify-0.1.2.tgz"
  "version" "0.1.2"

"uri-js@^4.2.2":
  "integrity" "sha1-mxpSWVIlhZ5V9mnZKPiMbFfyp34="
  "resolved" "http://npm.seiue.com:4873/uri-js/-/uri-js-4.4.1.tgz"
  "version" "4.4.1"
  dependencies:
    "punycode" "^2.1.0"
